
Microsoft Visual Studio Solution File, Format Version 12.00
# Visual Studio Version 16
VisualStudioVersion = 16.0.30621.155
MinimumVisualStudioVersion = 10.0.40219.1
Project("{8BC9CEB8-8B4A-11D0-8D11-00A0C91BC942}") = "FreeBurn", "Projects/FreeBurn.vcxproj", "{C2281015-D47B-439B-9673-E9286A194201}"
EndProject
Project("{8BC9CEB8-8B4A-11D0-8D11-00A0C91BC942}") = "RW37", "CodeSDKs\rw37\build\RW37.vcxproj", "{96CC0925-B7EB-4FB6-8596-933F1C7ED87E}"
EndProject
Global
	GlobalSection(SolutionConfigurationPlatforms) = preSolution
		Debug|x64 = Debug|x64
		Debug|x86 = Debug|x86
		Release|x64 = Release|x64
		Release|x86 = Release|x86
	EndGlobalSection
	GlobalSection(ProjectConfigurationPlatforms) = postSolution
		{C2281015-D47B-439B-9673-E9286A194201}.Debug|x64.ActiveCfg = Debug|x64
		{C2281015-D47B-439B-9673-E9286A194201}.Debug|x64.Build.0 = Debug|x64
		{C2281015-D47B-439B-9673-E9286A194201}.Debug|x86.ActiveCfg = Debug|Win32
		{C2281015-D47B-439B-9673-E9286A194201}.Debug|x86.Build.0 = Debug|Win32
		{C2281015-D47B-439B-9673-E9286A194201}.Release|x64.ActiveCfg = Release|x64
		{C2281015-D47B-439B-9673-E9286A194201}.Release|x64.Build.0 = Release|x64
		{C2281015-D47B-439B-9673-E9286A194201}.Release|x86.ActiveCfg = Release|Win32
		{C2281015-D47B-439B-9673-E9286A194201}.Release|x86.Build.0 = Release|Win32
		{96CC0925-B7EB-4FB6-8596-933F1C7ED87E}.Debug|x64.ActiveCfg = Debug|x64
		{96CC0925-B7EB-4FB6-8596-933F1C7ED87E}.Debug|x64.Build.0 = Debug|x64
		{96CC0925-B7EB-4FB6-8596-933F1C7ED87E}.Debug|x86.ActiveCfg = Debug|Win32
		{96CC0925-B7EB-4FB6-8596-933F1C7ED87E}.Debug|x86.Build.0 = Debug|Win32
		{96CC0925-B7EB-4FB6-8596-933F1C7ED87E}.Release|x64.ActiveCfg = Release|x64
		{96CC0925-B7EB-4FB6-8596-933F1C7ED87E}.Release|x64.Build.0 = Release|x64
		{96CC0925-B7EB-4FB6-8596-933F1C7ED87E}.Release|x86.ActiveCfg = Release|Win32
		{96CC0925-B7EB-4FB6-8596-933F1C7ED87E}.Release|x86.Build.0 = Release|Win32
	EndGlobalSection
	GlobalSection(SolutionProperties) = preSolution
		HideSolutionNode = FALSE
	EndGlobalSection
	GlobalSection(ExtensibilityGlobals) = postSolution
		SolutionGuid = {E9C9B5AB-3F75-4F92-8FF5-62D0845B3391}
	EndGlobalSection
EndGlobal
